
Microsoft Visual Studio Solution File, Format Version 12.00
# Visual Studio Version 17
VisualStudioVersion = 17.0.31903.59
MinimumVisualStudioVersion = 10.0.40219.1
Project("{2150E333-8FDC-42A3-9474-1A3956D46DE8}") = "src", "src", "{827E0CD3-B72D-47B6-A68D-7590B98EB39B}"
EndProject
Project("{FAE04EC0-301F-11D3-BF4B-00C04F79EFBC}") = "BloodThinnerTracker.AppHost", "src\BloodThinnerTracker.AppHost\BloodThinnerTracker.AppHost.csproj", "{5FA2859E-8F28-4B28-BE8B-D43AF8BC301F}"
EndProject
Project("{FAE04EC0-301F-11D3-BF4B-00C04F79EFBC}") = "BloodThinnerTracker.ServiceDefaults", "src\BloodThinnerTracker.ServiceDefaults\BloodThinnerTracker.ServiceDefaults.csproj", "{6630A6E9-0FCC-4016-B345-62B713708064}"
EndProject
Project("{FAE04EC0-301F-11D3-BF4B-00C04F79EFBC}") = "BloodThinnerTracker.Api", "src\BloodThinnerTracker.Api\BloodThinnerTracker.Api.csproj", "{A78CD5CE-9EFA-48E1-9C8C-876E608583FA}"
EndProject
Project("{FAE04EC0-301F-11D3-BF4B-00C04F79EFBC}") = "BloodThinnerTracker.Web", "src\BloodThinnerTracker.Web\BloodThinnerTracker.Web.csproj", "{93C3DEA4-8AB3-45D6-99D9-96923F834E94}"
EndProject
Project("{FAE04EC0-301F-11D3-BF4B-00C04F79EFBC}") = "BloodThinnerTracker.Shared", "src\BloodThinnerTracker.Shared\BloodThinnerTracker.Shared.csproj", "{A6D96FFD-4A6E-40BA-A30F-BD5C43B7433E}"
EndProject
Project("{FAE04EC0-301F-11D3-BF4B-00C04F79EFBC}") = "BloodThinnerTracker.Cli", "src\BloodThinnerTracker.Cli\BloodThinnerTracker.Cli.csproj", "{09F6C3E8-B73C-47F9-85CC-263CE43C5078}"
EndProject
Project("{FAE04EC0-301F-11D3-BF4B-00C04F79EFBC}") = "BloodThinnerTracker.Mcp", "src\BloodThinnerTracker.Mcp\BloodThinnerTracker.Mcp.csproj", "{555E7447-B497-4CEA-9A52-129C9E219386}"
EndProject
Project("{2150E333-8FDC-42A3-9474-1A3956D46DE8}") = "tests", "tests", "{0AB3BF05-4346-4AA6-1389-037BE0695223}"
EndProject
Project("{FAE04EC0-301F-11D3-BF4B-00C04F79EFBC}") = "BloodThinnerTracker.Api.Tests", "tests\BloodThinnerTracker.Api.Tests\BloodThinnerTracker.Api.Tests.csproj", "{FC1EA643-E1B1-42AB-BA6B-49C9B3EED13A}"
EndProject
Project("{FAE04EC0-301F-11D3-BF4B-00C04F79EFBC}") = "BloodThinnerTracker.Web.Tests", "tests\BloodThinnerTracker.Web.Tests\BloodThinnerTracker.Web.Tests.csproj", "{E484D019-8107-41FC-B23B-F9FD373CB1AC}"
EndProject
Project("{FAE04EC0-301F-11D3-BF4B-00C04F79EFBC}") = "BloodThinnerTracker.Integration.Tests", "tests\BloodThinnerTracker.Integration.Tests\BloodThinnerTracker.Integration.Tests.csproj", "{AC6B4B01-87CF-4DB6-BB0C-923B044C3314}"
EndProject
Global
	GlobalSection(SolutionConfigurationPlatforms) = preSolution
		Debug|Any CPU = Debug|Any CPU
		Debug|x64 = Debug|x64
		Debug|x86 = Debug|x86
		Release|Any CPU = Release|Any CPU
		Release|x64 = Release|x64
		Release|x86 = Release|x86
	EndGlobalSection
	GlobalSection(ProjectConfigurationPlatforms) = postSolution
		{5FA2859E-8F28-4B28-BE8B-D43AF8BC301F}.Debug|Any CPU.ActiveCfg = Debug|Any CPU
		{5FA2859E-8F28-4B28-BE8B-D43AF8BC301F}.Debug|Any CPU.Build.0 = Debug|Any CPU
		{5FA2859E-8F28-4B28-BE8B-D43AF8BC301F}.Debug|x64.ActiveCfg = Debug|Any CPU
		{5FA2859E-8F28-4B28-BE8B-D43AF8BC301F}.Debug|x64.Build.0 = Debug|Any CPU
		{5FA2859E-8F28-4B28-BE8B-D43AF8BC301F}.Debug|x86.ActiveCfg = Debug|Any CPU
		{5FA2859E-8F28-4B28-BE8B-D43AF8BC301F}.Debug|x86.Build.0 = Debug|Any CPU
		{5FA2859E-8F28-4B28-BE8B-D43AF8BC301F}.Release|Any CPU.ActiveCfg = Release|Any CPU
		{5FA2859E-8F28-4B28-BE8B-D43AF8BC301F}.Release|Any CPU.Build.0 = Release|Any CPU
		{5FA2859E-8F28-4B28-BE8B-D43AF8BC301F}.Release|x64.ActiveCfg = Release|Any CPU
		{5FA2859E-8F28-4B28-BE8B-D43AF8BC301F}.Release|x64.Build.0 = Release|Any CPU
		{5FA2859E-8F28-4B28-BE8B-D43AF8BC301F}.Release|x86.ActiveCfg = Release|Any CPU
		{5FA2859E-8F28-4B28-BE8B-D43AF8BC301F}.Release|x86.Build.0 = Release|Any CPU
		{6630A6E9-0FCC-4016-B345-62B713708064}.Debug|Any CPU.ActiveCfg = Debug|Any CPU
		{6630A6E9-0FCC-4016-B345-62B713708064}.Debug|Any CPU.Build.0 = Debug|Any CPU
		{6630A6E9-0FCC-4016-B345-62B713708064}.Debug|x64.ActiveCfg = Debug|Any CPU
		{6630A6E9-0FCC-4016-B345-62B713708064}.Debug|x64.Build.0 = Debug|Any CPU
		{6630A6E9-0FCC-4016-B345-62B713708064}.Debug|x86.ActiveCfg = Debug|Any CPU
		{6630A6E9-0FCC-4016-B345-62B713708064}.Debug|x86.Build.0 = Debug|Any CPU
		{6630A6E9-0FCC-4016-B345-62B713708064}.Release|Any CPU.ActiveCfg = Release|Any CPU
		{6630A6E9-0FCC-4016-B345-62B713708064}.Release|Any CPU.Build.0 = Release|Any CPU
		{6630A6E9-0FCC-4016-B345-62B713708064}.Release|x64.ActiveCfg = Release|Any CPU
		{6630A6E9-0FCC-4016-B345-62B713708064}.Release|x64.Build.0 = Release|Any CPU
		{6630A6E9-0FCC-4016-B345-62B713708064}.Release|x86.ActiveCfg = Release|Any CPU
		{6630A6E9-0FCC-4016-B345-62B713708064}.Release|x86.Build.0 = Release|Any CPU
		{A78CD5CE-9EFA-48E1-9C8C-876E608583FA}.Debug|Any CPU.ActiveCfg = Debug|Any CPU
		{A78CD5CE-9EFA-48E1-9C8C-876E608583FA}.Debug|Any CPU.Build.0 = Debug|Any CPU
		{A78CD5CE-9EFA-48E1-9C8C-876E608583FA}.Debug|x64.ActiveCfg = Debug|Any CPU
		{A78CD5CE-9EFA-48E1-9C8C-876E608583FA}.Debug|x64.Build.0 = Debug|Any CPU
		{A78CD5CE-9EFA-48E1-9C8C-876E608583FA}.Debug|x86.ActiveCfg = Debug|Any CPU
		{A78CD5CE-9EFA-48E1-9C8C-876E608583FA}.Debug|x86.Build.0 = Debug|Any CPU
		{A78CD5CE-9EFA-48E1-9C8C-876E608583FA}.Release|Any CPU.ActiveCfg = Release|Any CPU
		{A78CD5CE-9EFA-48E1-9C8C-876E608583FA}.Release|Any CPU.Build.0 = Release|Any CPU
		{A78CD5CE-9EFA-48E1-9C8C-876E608583FA}.Release|x64.ActiveCfg = Release|Any CPU
		{A78CD5CE-9EFA-48E1-9C8C-876E608583FA}.Release|x64.Build.0 = Release|Any CPU
		{A78CD5CE-9EFA-48E1-9C8C-876E608583FA}.Release|x86.ActiveCfg = Release|Any CPU
		{A78CD5CE-9EFA-48E1-9C8C-876E608583FA}.Release|x86.Build.0 = Release|Any CPU
		{93C3DEA4-8AB3-45D6-99D9-96923F834E94}.Debug|Any CPU.ActiveCfg = Debug|Any CPU
		{93C3DEA4-8AB3-45D6-99D9-96923F834E94}.Debug|Any CPU.Build.0 = Debug|Any CPU
		{93C3DEA4-8AB3-45D6-99D9-96923F834E94}.Debug|x64.ActiveCfg = Debug|Any CPU
		{93C3DEA4-8AB3-45D6-99D9-96923F834E94}.Debug|x64.Build.0 = Debug|Any CPU
		{93C3DEA4-8AB3-45D6-99D9-96923F834E94}.Debug|x86.ActiveCfg = Debug|Any CPU
		{93C3DEA4-8AB3-45D6-99D9-96923F834E94}.Debug|x86.Build.0 = Debug|Any CPU
		{93C3DEA4-8AB3-45D6-99D9-96923F834E94}.Release|Any CPU.ActiveCfg = Release|Any CPU
		{93C3DEA4-8AB3-45D6-99D9-96923F834E94}.Release|Any CPU.Build.0 = Release|Any CPU
		{93C3DEA4-8AB3-45D6-99D9-96923F834E94}.Release|x64.ActiveCfg = Release|Any CPU
		{93C3DEA4-8AB3-45D6-99D9-96923F834E94}.Release|x64.Build.0 = Release|Any CPU
		{93C3DEA4-8AB3-45D6-99D9-96923F834E94}.Release|x86.ActiveCfg = Release|Any CPU
		{93C3DEA4-8AB3-45D6-99D9-96923F834E94}.Release|x86.Build.0 = Release|Any CPU
		{A6D96FFD-4A6E-40BA-A30F-BD5C43B7433E}.Debug|Any CPU.ActiveCfg = Debug|Any CPU
		{A6D96FFD-4A6E-40BA-A30F-BD5C43B7433E}.Debug|Any CPU.Build.0 = Debug|Any CPU
		{A6D96FFD-4A6E-40BA-A30F-BD5C43B7433E}.Debug|x64.ActiveCfg = Debug|Any CPU
		{A6D96FFD-4A6E-40BA-A30F-BD5C43B7433E}.Debug|x64.Build.0 = Debug|Any CPU
		{A6D96FFD-4A6E-40BA-A30F-BD5C43B7433E}.Debug|x86.ActiveCfg = Debug|Any CPU
		{A6D96FFD-4A6E-40BA-A30F-BD5C43B7433E}.Debug|x86.Build.0 = Debug|Any CPU
		{A6D96FFD-4A6E-40BA-A30F-BD5C43B7433E}.Release|Any CPU.ActiveCfg = Release|Any CPU
		{A6D96FFD-4A6E-40BA-A30F-BD5C43B7433E}.Release|Any CPU.Build.0 = Release|Any CPU
		{A6D96FFD-4A6E-40BA-A30F-BD5C43B7433E}.Release|x64.ActiveCfg = Release|Any CPU
		{A6D96FFD-4A6E-40BA-A30F-BD5C43B7433E}.Release|x64.Build.0 = Release|Any CPU
		{A6D96FFD-4A6E-40BA-A30F-BD5C43B7433E}.Release|x86.ActiveCfg = Release|Any CPU
		{A6D96FFD-4A6E-40BA-A30F-BD5C43B7433E}.Release|x86.Build.0 = Release|Any CPU
		{09F6C3E8-B73C-47F9-85CC-263CE43C5078}.Debug|Any CPU.ActiveCfg = Debug|Any CPU
		{09F6C3E8-B73C-47F9-85CC-263CE43C5078}.Debug|Any CPU.Build.0 = Debug|Any CPU
		{09F6C3E8-B73C-47F9-85CC-263CE43C5078}.Debug|x64.ActiveCfg = Debug|Any CPU
		{09F6C3E8-B73C-47F9-85CC-263CE43C5078}.Debug|x64.Build.0 = Debug|Any CPU
		{09F6C3E8-B73C-47F9-85CC-263CE43C5078}.Debug|x86.ActiveCfg = Debug|Any CPU
		{09F6C3E8-B73C-47F9-85CC-263CE43C5078}.Debug|x86.Build.0 = Debug|Any CPU
		{09F6C3E8-B73C-47F9-85CC-263CE43C5078}.Release|Any CPU.ActiveCfg = Release|Any CPU
		{09F6C3E8-B73C-47F9-85CC-263CE43C5078}.Release|Any CPU.Build.0 = Release|Any CPU
		{09F6C3E8-B73C-47F9-85CC-263CE43C5078}.Release|x64.ActiveCfg = Release|Any CPU
		{09F6C3E8-B73C-47F9-85CC-263CE43C5078}.Release|x64.Build.0 = Release|Any CPU
		{09F6C3E8-B73C-47F9-85CC-263CE43C5078}.Release|x86.ActiveCfg = Release|Any CPU
		{09F6C3E8-B73C-47F9-85CC-263CE43C5078}.Release|x86.Build.0 = Release|Any CPU
		{555E7447-B497-4CEA-9A52-129C9E219386}.Debug|Any CPU.ActiveCfg = Debug|Any CPU
		{555E7447-B497-4CEA-9A52-129C9E219386}.Debug|Any CPU.Build.0 = Debug|Any CPU
		{555E7447-B497-4CEA-9A52-129C9E219386}.Debug|x64.ActiveCfg = Debug|Any CPU
		{555E7447-B497-4CEA-9A52-129C9E219386}.Debug|x64.Build.0 = Debug|Any CPU
		{555E7447-B497-4CEA-9A52-129C9E219386}.Debug|x86.ActiveCfg = Debug|Any CPU
		{555E7447-B497-4CEA-9A52-129C9E219386}.Debug|x86.Build.0 = Debug|Any CPU
		{555E7447-B497-4CEA-9A52-129C9E219386}.Release|Any CPU.ActiveCfg = Release|Any CPU
		{555E7447-B497-4CEA-9A52-129C9E219386}.Release|Any CPU.Build.0 = Release|Any CPU
		{555E7447-B497-4CEA-9A52-129C9E219386}.Release|x64.ActiveCfg = Release|Any CPU
		{555E7447-B497-4CEA-9A52-129C9E219386}.Release|x64.Build.0 = Release|Any CPU
		{555E7447-B497-4CEA-9A52-129C9E219386}.Release|x86.ActiveCfg = Release|Any CPU
		{555E7447-B497-4CEA-9A52-129C9E219386}.Release|x86.Build.0 = Release|Any CPU
		{FC1EA643-E1B1-42AB-BA6B-49C9B3EED13A}.Debug|Any CPU.ActiveCfg = Debug|Any CPU
		{FC1EA643-E1B1-42AB-BA6B-49C9B3EED13A}.Debug|Any CPU.Build.0 = Debug|Any CPU
		{FC1EA643-E1B1-42AB-BA6B-49C9B3EED13A}.Debug|x64.ActiveCfg = Debug|Any CPU
		{FC1EA643-E1B1-42AB-BA6B-49C9B3EED13A}.Debug|x64.Build.0 = Debug|Any CPU
		{FC1EA643-E1B1-42AB-BA6B-49C9B3EED13A}.Debug|x86.ActiveCfg = Debug|Any CPU
		{FC1EA643-E1B1-42AB-BA6B-49C9B3EED13A}.Debug|x86.Build.0 = Debug|Any CPU
		{FC1EA643-E1B1-42AB-BA6B-49C9B3EED13A}.Release|Any CPU.ActiveCfg = Release|Any CPU
		{FC1EA643-E1B1-42AB-BA6B-49C9B3EED13A}.Release|Any CPU.Build.0 = Release|Any CPU
		{FC1EA643-E1B1-42AB-BA6B-49C9B3EED13A}.Release|x64.ActiveCfg = Release|Any CPU
		{FC1EA643-E1B1-42AB-BA6B-49C9B3EED13A}.Release|x64.Build.0 = Release|Any CPU
		{FC1EA643-E1B1-42AB-BA6B-49C9B3EED13A}.Release|x86.ActiveCfg = Release|Any CPU
		{FC1EA643-E1B1-42AB-BA6B-49C9B3EED13A}.Release|x86.Build.0 = Release|Any CPU
		{E484D019-8107-41FC-B23B-F9FD373CB1AC}.Debug|Any CPU.ActiveCfg = Debug|Any CPU
		{E484D019-8107-41FC-B23B-F9FD373CB1AC}.Debug|Any CPU.Build.0 = Debug|Any CPU
		{E484D019-8107-41FC-B23B-F9FD373CB1AC}.Debug|x64.ActiveCfg = Debug|Any CPU
		{E484D019-8107-41FC-B23B-F9FD373CB1AC}.Debug|x64.Build.0 = Debug|Any CPU
		{E484D019-8107-41FC-B23B-F9FD373CB1AC}.Debug|x86.ActiveCfg = Debug|Any CPU
		{E484D019-8107-41FC-B23B-F9FD373CB1AC}.Debug|x86.Build.0 = Debug|Any CPU
		{E484D019-8107-41FC-B23B-F9FD373CB1AC}.Release|Any CPU.ActiveCfg = Release|Any CPU
		{E484D019-8107-41FC-B23B-F9FD373CB1AC}.Release|Any CPU.Build.0 = Release|Any CPU
		{E484D019-8107-41FC-B23B-F9FD373CB1AC}.Release|x64.ActiveCfg = Release|Any CPU
		{E484D019-8107-41FC-B23B-F9FD373CB1AC}.Release|x64.Build.0 = Release|Any CPU
		{E484D019-8107-41FC-B23B-F9FD373CB1AC}.Release|x86.ActiveCfg = Release|Any CPU
		{E484D019-8107-41FC-B23B-F9FD373CB1AC}.Release|x86.Build.0 = Release|Any CPU
		{AC6B4B01-87CF-4DB6-BB0C-923B044C3314}.Debug|Any CPU.ActiveCfg = Debug|Any CPU
		{AC6B4B01-87CF-4DB6-BB0C-923B044C3314}.Debug|Any CPU.Build.0 = Debug|Any CPU
		{AC6B4B01-87CF-4DB6-BB0C-923B044C3314}.Debug|x64.ActiveCfg = Debug|Any CPU
		{AC6B4B01-87CF-4DB6-BB0C-923B044C3314}.Debug|x64.Build.0 = Debug|Any CPU
		{AC6B4B01-87CF-4DB6-BB0C-923B044C3314}.Debug|x86.ActiveCfg = Debug|Any CPU
		{AC6B4B01-87CF-4DB6-BB0C-923B044C3314}.Debug|x86.Build.0 = Debug|Any CPU
		{AC6B4B01-87CF-4DB6-BB0C-923B044C3314}.Release|Any CPU.ActiveCfg = Release|Any CPU
		{AC6B4B01-87CF-4DB6-BB0C-923B044C3314}.Release|Any CPU.Build.0 = Release|Any CPU
		{AC6B4B01-87CF-4DB6-BB0C-923B044C3314}.Release|x64.ActiveCfg = Release|Any CPU
		{AC6B4B01-87CF-4DB6-BB0C-923B044C3314}.Release|x64.Build.0 = Release|Any CPU
		{AC6B4B01-87CF-4DB6-BB0C-923B044C3314}.Release|x86.ActiveCfg = Release|Any CPU
		{AC6B4B01-87CF-4DB6-BB0C-923B044C3314}.Release|x86.Build.0 = Release|Any CPU
	EndGlobalSection
	GlobalSection(SolutionProperties) = preSolution
		HideSolutionNode = FALSE
	EndGlobalSection
	GlobalSection(NestedProjects) = preSolution
		{5FA2859E-8F28-4B28-BE8B-D43AF8BC301F} = {827E0CD3-B72D-47B6-A68D-7590B98EB39B}
		{6630A6E9-0FCC-4016-B345-62B713708064} = {827E0CD3-B72D-47B6-A68D-7590B98EB39B}
		{A78CD5CE-9EFA-48E1-9C8C-876E608583FA} = {827E0CD3-B72D-47B6-A68D-7590B98EB39B}
		{93C3DEA4-8AB3-45D6-99D9-96923F834E94} = {827E0CD3-B72D-47B6-A68D-7590B98EB39B}
		{A6D96FFD-4A6E-40BA-A30F-BD5C43B7433E} = {827E0CD3-B72D-47B6-A68D-7590B98EB39B}
		{09F6C3E8-B73C-47F9-85CC-263CE43C5078} = {827E0CD3-B72D-47B6-A68D-7590B98EB39B}
		{555E7447-B497-4CEA-9A52-129C9E219386} = {827E0CD3-B72D-47B6-A68D-7590B98EB39B}
		{FC1EA643-E1B1-42AB-BA6B-49C9B3EED13A} = {0AB3BF05-4346-4AA6-1389-037BE0695223}
		{E484D019-8107-41FC-B23B-F9FD373CB1AC} = {0AB3BF05-4346-4AA6-1389-037BE0695223}
		{AC6B4B01-87CF-4DB6-BB0C-923B044C3314} = {0AB3BF05-4346-4AA6-1389-037BE0695223}
	EndGlobalSection
EndGlobal
